
Microsoft Visual Studio Solution File, Format Version 12.00
# Visual Studio Version 17
VisualStudioVersion = 17.3.32929.385
MinimumVisualStudioVersion = 10.0.40219.1
Project("{FAE04EC0-301F-11D3-BF4B-00C04F79EFBC}") = "Feljegyzesek", "Feljegyzesek.csproj", "{759D2A0A-BD43-443F-86C7-8731FD2F2896}"
EndProject
Global
	GlobalSection(SolutionConfigurationPlatforms) = preSolution
		Debug|Any CPU = Debug|Any CPU
		Release|Any CPU = Release|Any CPU
	EndGlobalSection
	GlobalSection(ProjectConfigurationPlatforms) = postSolution
		{759D2A0A-BD43-443F-86C7-8731FD2F2896}.Debug|Any CPU.ActiveCfg = Debug|Any CPU
		{759D2A0A-BD43-443F-86C7-8731FD2F2896}.Debug|Any CPU.Build.0 = Debug|Any CPU
		{759D2A0A-BD43-443F-86C7-8731FD2F2896}.Release|Any CPU.ActiveCfg = Release|Any CPU
		{759D2A0A-BD43-443F-86C7-8731FD2F2896}.Release|Any CPU.Build.0 = Release|Any CPU
	EndGlobalSection
	GlobalSection(SolutionProperties) = preSolution
		HideSolutionNode = FALSE
	EndGlobalSection
	GlobalSection(ExtensibilityGlobals) = postSolution
		SolutionGuid = {14150DBE-2E33-43A8-92E3-4A22F8B3863A}
	EndGlobalSection
EndGlobal
